
Microsoft Visual Studio Solution File, Format Version 12.00
# Visual Studio Version 16
VisualStudioVersion = 16.0.30621.155
MinimumVisualStudioVersion = 10.0.40219.1
Project("{FAE04EC0-301F-11D3-BF4B-00C04F79EFBC}") = "WindowsForm Menu", "WindowsForm Menu\WindowsForm Menu.csproj", "{B3BFA5D1-0C12-4D54-A2BC-518C86FA189D}"
EndProject
Global
	GlobalSection(SolutionConfigurationPlatforms) = preSolution
		Debug|Any CPU = Debug|Any CPU
		Release|Any CPU = Release|Any CPU
	EndGlobalSection
	GlobalSection(ProjectConfigurationPlatforms) = postSolution
		{B3BFA5D1-0C12-4D54-A2BC-518C86FA189D}.Debug|Any CPU.ActiveCfg = Debug|Any CPU
		{B3BFA5D1-0C12-4D54-A2BC-518C86FA189D}.Debug|Any CPU.Build.0 = Debug|Any CPU
		{B3BFA5D1-0C12-4D54-A2BC-518C86FA189D}.Release|Any CPU.ActiveCfg = Release|Any CPU
		{B3BFA5D1-0C12-4D54-A2BC-518C86FA189D}.Release|Any CPU.Build.0 = Release|Any CPU
	EndGlobalSection
	GlobalSection(SolutionProperties) = preSolution
		HideSolutionNode = FALSE
	EndGlobalSection
	GlobalSection(ExtensibilityGlobals) = postSolution
		SolutionGuid = {C71C9803-F862-479C-B1FB-F7BF9AE49B55}
	EndGlobalSection
EndGlobal
